
Microsoft Visual Studio Solution File, Format Version 12.00
# Visual Studio Version 18
VisualStudioVersion = 18.0.11205.157
MinimumVisualStudioVersion = 10.0.40219.1
Project("{2150E333-8FDC-42A3-9474-1A3956D46DE8}") = "src", "src", "{8C44D5FD-3919-4CAD-8796-8C01A277B4B7}"
EndProject
Project("{2150E333-8FDC-42A3-9474-1A3956D46DE8}") = "test", "test", "{9BE98260-8CF8-49F2-A663-4AEE9EA3C588}"
EndProject
Project("{FAE04EC0-301F-11D3-BF4B-00C04F79EFBC}") = "LegacyOrderService", "src\LegacyOrderService\LegacyOrderService.csproj", "{0B66620B-25C5-B5FF-86FB-5AA9075CC425}"
EndProject
Project("{FAE04EC0-301F-11D3-BF4B-00C04F79EFBC}") = "LegacyOrderService.Tests", "test\LegacyOrderService.Tests\LegacyOrderService.Tests.csproj", "{973FA6A3-6A5C-2750-80AB-5A95424FC1A7}"
EndProject
Global
	GlobalSection(SolutionConfigurationPlatforms) = preSolution
		Debug|Any CPU = Debug|Any CPU
		Release|Any CPU = Release|Any CPU
	EndGlobalSection
	GlobalSection(ProjectConfigurationPlatforms) = postSolution
		{0B66620B-25C5-B5FF-86FB-5AA9075CC425}.Debug|Any CPU.ActiveCfg = Debug|Any CPU
		{0B66620B-25C5-B5FF-86FB-5AA9075CC425}.Debug|Any CPU.Build.0 = Debug|Any CPU
		{0B66620B-25C5-B5FF-86FB-5AA9075CC425}.Release|Any CPU.ActiveCfg = Release|Any CPU
		{0B66620B-25C5-B5FF-86FB-5AA9075CC425}.Release|Any CPU.Build.0 = Release|Any CPU
		{973FA6A3-6A5C-2750-80AB-5A95424FC1A7}.Debug|Any CPU.ActiveCfg = Debug|Any CPU
		{973FA6A3-6A5C-2750-80AB-5A95424FC1A7}.Debug|Any CPU.Build.0 = Debug|Any CPU
		{973FA6A3-6A5C-2750-80AB-5A95424FC1A7}.Release|Any CPU.ActiveCfg = Release|Any CPU
		{973FA6A3-6A5C-2750-80AB-5A95424FC1A7}.Release|Any CPU.Build.0 = Release|Any CPU
	EndGlobalSection
	GlobalSection(SolutionProperties) = preSolution
		HideSolutionNode = FALSE
	EndGlobalSection
	GlobalSection(NestedProjects) = preSolution
		{0B66620B-25C5-B5FF-86FB-5AA9075CC425} = {8C44D5FD-3919-4CAD-8796-8C01A277B4B7}
		{973FA6A3-6A5C-2750-80AB-5A95424FC1A7} = {9BE98260-8CF8-49F2-A663-4AEE9EA3C588}
	EndGlobalSection
	GlobalSection(ExtensibilityGlobals) = postSolution
		SolutionGuid = {F79FA641-8B55-4AAA-9970-F3A3954F132F}
	EndGlobalSection
EndGlobal
