
Microsoft Visual Studio Solution File, Format Version 12.00
# Visual Studio Version 17
VisualStudioVersion = 17.14.36301.6 d17.14
MinimumVisualStudioVersion = 10.0.40219.1
Project("{FAE04EC0-301F-11D3-BF4B-00C04F79EFBC}") = "LegacyOrderService", "LegacyOrderService.csproj", "{0DE7CA35-977E-44D0-B7F8-A2DD544D8711}"
EndProject
Global
	GlobalSection(SolutionConfigurationPlatforms) = preSolution
		Debug|Any CPU = Debug|Any CPU
		Release|Any CPU = Release|Any CPU
	EndGlobalSection
	GlobalSection(ProjectConfigurationPlatforms) = postSolution
		{0DE7CA35-977E-44D0-B7F8-A2DD544D8711}.Debug|Any CPU.ActiveCfg = Debug|Any CPU
		{0DE7CA35-977E-44D0-B7F8-A2DD544D8711}.Debug|Any CPU.Build.0 = Debug|Any CPU
		{0DE7CA35-977E-44D0-B7F8-A2DD544D8711}.Release|Any CPU.ActiveCfg = Release|Any CPU
		{0DE7CA35-977E-44D0-B7F8-A2DD544D8711}.Release|Any CPU.Build.0 = Release|Any CPU
	EndGlobalSection
	GlobalSection(SolutionProperties) = preSolution
		HideSolutionNode = FALSE
	EndGlobalSection
	GlobalSection(ExtensibilityGlobals) = postSolution
		SolutionGuid = {0B0CC75A-D5B9-4A96-976C-13BFB45A5EFE}
	EndGlobalSection
EndGlobal
